
Microsoft Visual Studio Solution File, Format Version 12.00
# Visual Studio Version 17
VisualStudioVersion = 17.0.32126.317
MinimumVisualStudioVersion = 10.0.40219.1
Project("{FAE04EC0-301F-11D3-BF4B-00C04F79EFBC}") = "GameDemo", "GameDemo\GameDemo.csproj", "{8A60607A-4FFA-4475-AB90-FF8BBCBB5D03}"
EndProject
Global
	GlobalSection(SolutionConfigurationPlatforms) = preSolution
		Debug|Any CPU = Debug|Any CPU
		Release|Any CPU = Release|Any CPU
	EndGlobalSection
	GlobalSection(ProjectConfigurationPlatforms) = postSolution
		{8A60607A-4FFA-4475-AB90-FF8BBCBB5D03}.Debug|Any CPU.ActiveCfg = Debug|Any CPU
		{8A60607A-4FFA-4475-AB90-FF8BBCBB5D03}.Debug|Any CPU.Build.0 = Debug|Any CPU
		{8A60607A-4FFA-4475-AB90-FF8BBCBB5D03}.Release|Any CPU.ActiveCfg = Release|Any CPU
		{8A60607A-4FFA-4475-AB90-FF8BBCBB5D03}.Release|Any CPU.Build.0 = Release|Any CPU
	EndGlobalSection
	GlobalSection(SolutionProperties) = preSolution
		HideSolutionNode = FALSE
	EndGlobalSection
	GlobalSection(ExtensibilityGlobals) = postSolution
		SolutionGuid = {BA5F60E9-2598-4C3B-9EED-C910CCA9FA3D}
	EndGlobalSection
EndGlobal
